
Microsoft Visual Studio Solution File, Format Version 12.00
# Visual Studio Version 18
VisualStudioVersion = 18.4.11620.152
MinimumVisualStudioVersion = 10.0.40219.1
Project("{FAE04EC0-301F-11D3-BF4B-00C04F79EFBC}") = "TradingApp.Contracts", "src\TradingApp.Contracts\TradingApp.Contracts.csproj", "{C5E30D5C-E29B-6AB0-E6D7-4DD5C4DDD616}"
EndProject
Project("{FAE04EC0-301F-11D3-BF4B-00C04F79EFBC}") = "TradingGateway.Api", "src\TradingGateway.Api\TradingGateway.Api.csproj", "{36CCB1B0-700A-4BE7-3E33-A9CE43EDD437}"
EndProject
Project("{FAE04EC0-301F-11D3-BF4B-00C04F79EFBC}") = "TradingApp.Shared.Validation", "src\TradingApp.Shared.Validation\TradingApp.Shared.Validation.csproj", "{F0D27BED-0DCA-1A11-889B-0A455E67D45C}"
EndProject
Project("{FAE04EC0-301F-11D3-BF4B-00C04F79EFBC}") = "TradingApp.Shared", "src\TradingApp.Shared\TradingApp.Shared.csproj", "{16AC6743-79A0-4F99-B249-E7FF6C8565D9}"
EndProject
Project("{FAE04EC0-301F-11D3-BF4B-00C04F79EFBC}") = "OrderService", "src\OrderService\OrderService.csproj", "{F5D6AFB2-2E56-5C19-23C2-7D0AC365D2F9}"
EndProject
Project("{FAE04EC0-301F-11D3-BF4B-00C04F79EFBC}") = "PositionService", "src\PositionService\PositionService.csproj", "{46CA8DEF-0036-EB10-9955-29F895E11569}"
EndProject
Project("{FAE04EC0-301F-11D3-BF4B-00C04F79EFBC}") = "TradeCaptureService", "src\TradeCaptureService\TradeCaptureService.csproj", "{87AFCA70-522A-4ED8-420F-ED275FFFD881}"
EndProject
Project("{2150E333-8FDC-42A3-9474-1A3956D46DE8}") = "Tests", "Tests", "{02EA681E-C7D8-13C7-8484-4AC65E1B71E8}"
EndProject
Project("{FAE04EC0-301F-11D3-BF4B-00C04F79EFBC}") = "PositionService.Tests", "tests\PositionService.Tests\PositionService.Tests.csproj", "{BB76A7EA-C7AF-0578-43B7-21FAB88368FB}"
EndProject
Project("{FAE04EC0-301F-11D3-BF4B-00C04F79EFBC}") = "PricingService.Grpc", "src\PricingService.Grpc\PricingService.Grpc.csproj", "{B2F5DB6A-38DA-45B2-85BF-7982DD1CA6B2}"
EndProject
Project("{FAE04EC0-301F-11D3-BF4B-00C04F79EFBC}") = "PricingService.Tests", "tests\PricingService.Tests\PricingService.Tests.csproj", "{8AD502D0-2B68-4B28-B125-329B7E13AAE9}"
EndProject
Project("{FAE04EC0-301F-11D3-BF4B-00C04F79EFBC}") = "OrderService.Tests", "tests\OrderService.Tests\OrderService.Tests.csproj", "{F51B1A51-1144-4337-BAE4-1386B8F076D1}"
EndProject
Project("{FAE04EC0-301F-11D3-BF4B-00C04F79EFBC}") = "TradingGateway.Api.Tests", "tests\TradingGateway.Api.Tests\TradingGateway.Api.Tests.csproj", "{962901DF-80B8-4B0A-8880-952FDFA6A15E}"
EndProject
Project("{FAE04EC0-301F-11D3-BF4B-00C04F79EFBC}") = "TradingApp.Shared.Tests", "tests\TradingApp.Shared.Tests\TradingApp.Shared.Tests.csproj", "{7431D4C4-A5EA-4309-A096-05040EB4E53A}"
EndProject
Project("{FAE04EC0-301F-11D3-BF4B-00C04F79EFBC}") = "TradeCaptureService.Tests", "tests\TradeCaptureService.Tests\TradeCaptureService.Tests.csproj", "{F3B32705-7682-8FDA-BA16-21468080FB0B}"
EndProject
Project("{FAE04EC0-301F-11D3-BF4B-00C04F79EFBC}") = "RiskService.Grpc", "src\RiskService.Grpc\RiskService.Grpc.csproj", "{D7038AE9-0A7A-4811-927C-972CBF9A8D08}"
EndProject
Project("{FAE04EC0-301F-11D3-BF4B-00C04F79EFBC}") = "RiskService.Tests", "tests\RiskService.Tests\RiskService.Tests.csproj", "{FB068EF6-68F7-445C-9346-3A40C304DB28}"
EndProject
Project("{FAE04EC0-301F-11D3-BF4B-00C04F79EFBC}") = "ReferenceDataService.Domain", "src\ReferenceDataService.Domain\ReferenceDataService.Domain.csproj", "{3C80E8F5-9FBC-401D-B266-58309A8305C7}"
EndProject
Project("{FAE04EC0-301F-11D3-BF4B-00C04F79EFBC}") = "ReferenceDataService.Domain.Tests", "tests\ReferenceDataService.Domain.Tests\ReferenceDataService.Domain.Tests.csproj", "{7ED938CE-05F0-414B-9BEE-C37919A91DEB}"
EndProject
Project("{FAE04EC0-301F-11D3-BF4B-00C04F79EFBC}") = "ReferenceDataService.Grpc", "src\ReferenceDataService.Grpc\ReferenceDataService.Grpc.csproj", "{BADDECF6-C977-4389-B5B2-26CF2BE21305}"
EndProject
Project("{FAE04EC0-301F-11D3-BF4B-00C04F79EFBC}") = "ReferenceDataService.Grpc.Tests", "tests\ReferenceDataService.Grpc.Tests\ReferenceDataService.Grpc.Tests.csproj", "{C80714ED-DF97-4D51-5000-0C8BD5DD4FEB}"
EndProject
Project("{FAE04EC0-301F-11D3-BF4B-00C04F79EFBC}") = "ReferenceDataService.Infrastructure", "src\ReferenceDataService.Infrastructure\ReferenceDataService.Infrastructure.csproj", "{C721E356-146A-4897-9ED5-5C572B1EC270}"
EndProject
Project("{FAE04EC0-301F-11D3-BF4B-00C04F79EFBC}") = "ReferenceDataService.Infrastructure.Tests", "tests\ReferenceDataService.Infrastructure.Tests\ReferenceDataService.Infrastructure.Tests.csproj", "{8A666AA7-C0C6-483B-949B-8BB9234C627B}"
EndProject
Project("{FAE04EC0-301F-11D3-BF4B-00C04F79EFBC}") = "TradingApp.SharedKernel", "src\TradingApp.SharedKernel\TradingApp.SharedKernel.csproj", "{6A291B8E-0438-42EF-911C-58197A946DB3}"
EndProject
Project("{FAE04EC0-301F-11D3-BF4B-00C04F79EFBC}") = "MarketDataSimulator", "src\MarketDataSimulator\MarketDataSimulator.csproj", "{67F25DC0-F1A3-46FE-B838-311BA767630E}"
EndProject
Project("{FAE04EC0-301F-11D3-BF4B-00C04F79EFBC}") = "MarketDataSubscriber", "src\MarketDataSubscriber\MarketDataSubscriber.csproj", "{6AC39350-F47E-47B9-A372-807D99085F7B}"
EndProject
Project("{FAE04EC0-301F-11D3-BF4B-00C04F79EFBC}") = "TradingApp.MarketData.Contracts", "src\TradingApp.MarketData.Contracts\TradingApp.MarketData.Contracts.csproj", "{B9E55D23-A0E2-4BC4-87F0-182BB65D9F45}"
EndProject
Global
	GlobalSection(SolutionConfigurationPlatforms) = preSolution
		Debug|Any CPU = Debug|Any CPU
		Release|Any CPU = Release|Any CPU
	EndGlobalSection
	GlobalSection(ProjectConfigurationPlatforms) = postSolution
		{C5E30D5C-E29B-6AB0-E6D7-4DD5C4DDD616}.Debug|Any CPU.ActiveCfg = Debug|Any CPU
		{C5E30D5C-E29B-6AB0-E6D7-4DD5C4DDD616}.Debug|Any CPU.Build.0 = Debug|Any CPU
		{C5E30D5C-E29B-6AB0-E6D7-4DD5C4DDD616}.Release|Any CPU.ActiveCfg = Release|Any CPU
		{C5E30D5C-E29B-6AB0-E6D7-4DD5C4DDD616}.Release|Any CPU.Build.0 = Release|Any CPU
		{36CCB1B0-700A-4BE7-3E33-A9CE43EDD437}.Debug|Any CPU.ActiveCfg = Debug|Any CPU
		{36CCB1B0-700A-4BE7-3E33-A9CE43EDD437}.Debug|Any CPU.Build.0 = Debug|Any CPU
		{36CCB1B0-700A-4BE7-3E33-A9CE43EDD437}.Release|Any CPU.ActiveCfg = Release|Any CPU
		{36CCB1B0-700A-4BE7-3E33-A9CE43EDD437}.Release|Any CPU.Build.0 = Release|Any CPU
		{F0D27BED-0DCA-1A11-889B-0A455E67D45C}.Debug|Any CPU.ActiveCfg = Debug|Any CPU
		{F0D27BED-0DCA-1A11-889B-0A455E67D45C}.Debug|Any CPU.Build.0 = Debug|Any CPU
		{F0D27BED-0DCA-1A11-889B-0A455E67D45C}.Release|Any CPU.ActiveCfg = Release|Any CPU
		{F0D27BED-0DCA-1A11-889B-0A455E67D45C}.Release|Any CPU.Build.0 = Release|Any CPU
		{16AC6743-79A0-4F99-B249-E7FF6C8565D9}.Debug|Any CPU.ActiveCfg = Debug|Any CPU
		{16AC6743-79A0-4F99-B249-E7FF6C8565D9}.Debug|Any CPU.Build.0 = Debug|Any CPU
		{16AC6743-79A0-4F99-B249-E7FF6C8565D9}.Release|Any CPU.ActiveCfg = Release|Any CPU
		{16AC6743-79A0-4F99-B249-E7FF6C8565D9}.Release|Any CPU.Build.0 = Release|Any CPU
		{F5D6AFB2-2E56-5C19-23C2-7D0AC365D2F9}.Debug|Any CPU.ActiveCfg = Debug|Any CPU
		{F5D6AFB2-2E56-5C19-23C2-7D0AC365D2F9}.Debug|Any CPU.Build.0 = Debug|Any CPU
		{F5D6AFB2-2E56-5C19-23C2-7D0AC365D2F9}.Release|Any CPU.ActiveCfg = Release|Any CPU
		{F5D6AFB2-2E56-5C19-23C2-7D0AC365D2F9}.Release|Any CPU.Build.0 = Release|Any CPU
		{46CA8DEF-0036-EB10-9955-29F895E11569}.Debug|Any CPU.ActiveCfg = Debug|Any CPU
		{46CA8DEF-0036-EB10-9955-29F895E11569}.Debug|Any CPU.Build.0 = Debug|Any CPU
		{46CA8DEF-0036-EB10-9955-29F895E11569}.Release|Any CPU.ActiveCfg = Release|Any CPU
		{46CA8DEF-0036-EB10-9955-29F895E11569}.Release|Any CPU.Build.0 = Release|Any CPU
		{87AFCA70-522A-4ED8-420F-ED275FFFD881}.Debug|Any CPU.ActiveCfg = Debug|Any CPU
		{87AFCA70-522A-4ED8-420F-ED275FFFD881}.Debug|Any CPU.Build.0 = Debug|Any CPU
		{87AFCA70-522A-4ED8-420F-ED275FFFD881}.Release|Any CPU.ActiveCfg = Release|Any CPU
		{87AFCA70-522A-4ED8-420F-ED275FFFD881}.Release|Any CPU.Build.0 = Release|Any CPU
		{BB76A7EA-C7AF-0578-43B7-21FAB88368FB}.Debug|Any CPU.ActiveCfg = Debug|Any CPU
		{BB76A7EA-C7AF-0578-43B7-21FAB88368FB}.Debug|Any CPU.Build.0 = Debug|Any CPU
		{BB76A7EA-C7AF-0578-43B7-21FAB88368FB}.Release|Any CPU.ActiveCfg = Release|Any CPU
		{BB76A7EA-C7AF-0578-43B7-21FAB88368FB}.Release|Any CPU.Build.0 = Release|Any CPU
		{B2F5DB6A-38DA-45B2-85BF-7982DD1CA6B2}.Debug|Any CPU.ActiveCfg = Debug|Any CPU
		{B2F5DB6A-38DA-45B2-85BF-7982DD1CA6B2}.Debug|Any CPU.Build.0 = Debug|Any CPU
		{B2F5DB6A-38DA-45B2-85BF-7982DD1CA6B2}.Release|Any CPU.ActiveCfg = Release|Any CPU
		{B2F5DB6A-38DA-45B2-85BF-7982DD1CA6B2}.Release|Any CPU.Build.0 = Release|Any CPU
		{8AD502D0-2B68-4B28-B125-329B7E13AAE9}.Debug|Any CPU.ActiveCfg = Debug|Any CPU
		{8AD502D0-2B68-4B28-B125-329B7E13AAE9}.Debug|Any CPU.Build.0 = Debug|Any CPU
		{8AD502D0-2B68-4B28-B125-329B7E13AAE9}.Release|Any CPU.ActiveCfg = Release|Any CPU
		{8AD502D0-2B68-4B28-B125-329B7E13AAE9}.Release|Any CPU.Build.0 = Release|Any CPU
		{F51B1A51-1144-4337-BAE4-1386B8F076D1}.Debug|Any CPU.ActiveCfg = Debug|Any CPU
		{F51B1A51-1144-4337-BAE4-1386B8F076D1}.Debug|Any CPU.Build.0 = Debug|Any CPU
		{F51B1A51-1144-4337-BAE4-1386B8F076D1}.Release|Any CPU.ActiveCfg = Release|Any CPU
		{F51B1A51-1144-4337-BAE4-1386B8F076D1}.Release|Any CPU.Build.0 = Release|Any CPU
		{962901DF-80B8-4B0A-8880-952FDFA6A15E}.Debug|Any CPU.ActiveCfg = Debug|Any CPU
		{962901DF-80B8-4B0A-8880-952FDFA6A15E}.Debug|Any CPU.Build.0 = Debug|Any CPU
		{962901DF-80B8-4B0A-8880-952FDFA6A15E}.Release|Any CPU.ActiveCfg = Release|Any CPU
		{962901DF-80B8-4B0A-8880-952FDFA6A15E}.Release|Any CPU.Build.0 = Release|Any CPU
		{7431D4C4-A5EA-4309-A096-05040EB4E53A}.Debug|Any CPU.ActiveCfg = Debug|Any CPU
		{7431D4C4-A5EA-4309-A096-05040EB4E53A}.Debug|Any CPU.Build.0 = Debug|Any CPU
		{7431D4C4-A5EA-4309-A096-05040EB4E53A}.Release|Any CPU.ActiveCfg = Release|Any CPU
		{7431D4C4-A5EA-4309-A096-05040EB4E53A}.Release|Any CPU.Build.0 = Release|Any CPU
		{F3B32705-7682-8FDA-BA16-21468080FB0B}.Debug|Any CPU.ActiveCfg = Debug|Any CPU
		{F3B32705-7682-8FDA-BA16-21468080FB0B}.Debug|Any CPU.Build.0 = Debug|Any CPU
		{F3B32705-7682-8FDA-BA16-21468080FB0B}.Release|Any CPU.ActiveCfg = Release|Any CPU
		{F3B32705-7682-8FDA-BA16-21468080FB0B}.Release|Any CPU.Build.0 = Release|Any CPU
		{D7038AE9-0A7A-4811-927C-972CBF9A8D08}.Debug|Any CPU.ActiveCfg = Debug|Any CPU
		{D7038AE9-0A7A-4811-927C-972CBF9A8D08}.Debug|Any CPU.Build.0 = Debug|Any CPU
		{D7038AE9-0A7A-4811-927C-972CBF9A8D08}.Release|Any CPU.ActiveCfg = Release|Any CPU
		{D7038AE9-0A7A-4811-927C-972CBF9A8D08}.Release|Any CPU.Build.0 = Release|Any CPU
		{FB068EF6-68F7-445C-9346-3A40C304DB28}.Debug|Any CPU.ActiveCfg = Debug|Any CPU
		{FB068EF6-68F7-445C-9346-3A40C304DB28}.Debug|Any CPU.Build.0 = Debug|Any CPU
		{FB068EF6-68F7-445C-9346-3A40C304DB28}.Release|Any CPU.ActiveCfg = Release|Any CPU
		{FB068EF6-68F7-445C-9346-3A40C304DB28}.Release|Any CPU.Build.0 = Release|Any CPU
		{3C80E8F5-9FBC-401D-B266-58309A8305C7}.Debug|Any CPU.ActiveCfg = Debug|Any CPU
		{3C80E8F5-9FBC-401D-B266-58309A8305C7}.Debug|Any CPU.Build.0 = Debug|Any CPU
		{3C80E8F5-9FBC-401D-B266-58309A8305C7}.Release|Any CPU.ActiveCfg = Release|Any CPU
		{3C80E8F5-9FBC-401D-B266-58309A8305C7}.Release|Any CPU.Build.0 = Release|Any CPU
		{7ED938CE-05F0-414B-9BEE-C37919A91DEB}.Debug|Any CPU.ActiveCfg = Debug|Any CPU
		{7ED938CE-05F0-414B-9BEE-C37919A91DEB}.Debug|Any CPU.Build.0 = Debug|Any CPU
		{7ED938CE-05F0-414B-9BEE-C37919A91DEB}.Release|Any CPU.ActiveCfg = Release|Any CPU
		{7ED938CE-05F0-414B-9BEE-C37919A91DEB}.Release|Any CPU.Build.0 = Release|Any CPU
		{BADDECF6-C977-4389-B5B2-26CF2BE21305}.Debug|Any CPU.ActiveCfg = Debug|Any CPU
		{BADDECF6-C977-4389-B5B2-26CF2BE21305}.Debug|Any CPU.Build.0 = Debug|Any CPU
		{BADDECF6-C977-4389-B5B2-26CF2BE21305}.Release|Any CPU.ActiveCfg = Release|Any CPU
		{BADDECF6-C977-4389-B5B2-26CF2BE21305}.Release|Any CPU.Build.0 = Release|Any CPU
		{C80714ED-DF97-4D51-5000-0C8BD5DD4FEB}.Debug|Any CPU.ActiveCfg = Debug|Any CPU
		{C80714ED-DF97-4D51-5000-0C8BD5DD4FEB}.Debug|Any CPU.Build.0 = Debug|Any CPU
		{C80714ED-DF97-4D51-5000-0C8BD5DD4FEB}.Release|Any CPU.ActiveCfg = Release|Any CPU
		{C80714ED-DF97-4D51-5000-0C8BD5DD4FEB}.Release|Any CPU.Build.0 = Release|Any CPU
		{C721E356-146A-4897-9ED5-5C572B1EC270}.Debug|Any CPU.ActiveCfg = Debug|Any CPU
		{C721E356-146A-4897-9ED5-5C572B1EC270}.Debug|Any CPU.Build.0 = Debug|Any CPU
		{C721E356-146A-4897-9ED5-5C572B1EC270}.Release|Any CPU.ActiveCfg = Release|Any CPU
		{C721E356-146A-4897-9ED5-5C572B1EC270}.Release|Any CPU.Build.0 = Release|Any CPU
		{8A666AA7-C0C6-483B-949B-8BB9234C627B}.Debug|Any CPU.ActiveCfg = Debug|Any CPU
		{8A666AA7-C0C6-483B-949B-8BB9234C627B}.Debug|Any CPU.Build.0 = Debug|Any CPU
		{8A666AA7-C0C6-483B-949B-8BB9234C627B}.Release|Any CPU.ActiveCfg = Release|Any CPU
		{8A666AA7-C0C6-483B-949B-8BB9234C627B}.Release|Any CPU.Build.0 = Release|Any CPU
		{6A291B8E-0438-42EF-911C-58197A946DB3}.Debug|Any CPU.ActiveCfg = Debug|Any CPU
		{6A291B8E-0438-42EF-911C-58197A946DB3}.Debug|Any CPU.Build.0 = Debug|Any CPU
		{6A291B8E-0438-42EF-911C-58197A946DB3}.Release|Any CPU.ActiveCfg = Release|Any CPU
		{6A291B8E-0438-42EF-911C-58197A946DB3}.Release|Any CPU.Build.0 = Release|Any CPU
		{67F25DC0-F1A3-46FE-B838-311BA767630E}.Debug|Any CPU.ActiveCfg = Debug|Any CPU
		{67F25DC0-F1A3-46FE-B838-311BA767630E}.Debug|Any CPU.Build.0 = Debug|Any CPU
		{67F25DC0-F1A3-46FE-B838-311BA767630E}.Release|Any CPU.ActiveCfg = Release|Any CPU
		{67F25DC0-F1A3-46FE-B838-311BA767630E}.Release|Any CPU.Build.0 = Release|Any CPU
		{6AC39350-F47E-47B9-A372-807D99085F7B}.Debug|Any CPU.ActiveCfg = Debug|Any CPU
		{6AC39350-F47E-47B9-A372-807D99085F7B}.Debug|Any CPU.Build.0 = Debug|Any CPU
		{6AC39350-F47E-47B9-A372-807D99085F7B}.Release|Any CPU.ActiveCfg = Release|Any CPU
		{6AC39350-F47E-47B9-A372-807D99085F7B}.Release|Any CPU.Build.0 = Release|Any CPU
		{B9E55D23-A0E2-4BC4-87F0-182BB65D9F45}.Debug|Any CPU.ActiveCfg = Debug|Any CPU
		{B9E55D23-A0E2-4BC4-87F0-182BB65D9F45}.Debug|Any CPU.Build.0 = Debug|Any CPU
		{B9E55D23-A0E2-4BC4-87F0-182BB65D9F45}.Release|Any CPU.ActiveCfg = Release|Any CPU
		{B9E55D23-A0E2-4BC4-87F0-182BB65D9F45}.Release|Any CPU.Build.0 = Release|Any CPU
	EndGlobalSection
	GlobalSection(SolutionProperties) = preSolution
		HideSolutionNode = FALSE
	EndGlobalSection
	GlobalSection(NestedProjects) = preSolution
		{BB76A7EA-C7AF-0578-43B7-21FAB88368FB} = {02EA681E-C7D8-13C7-8484-4AC65E1B71E8}
		{8AD502D0-2B68-4B28-B125-329B7E13AAE9} = {02EA681E-C7D8-13C7-8484-4AC65E1B71E8}
		{F51B1A51-1144-4337-BAE4-1386B8F076D1} = {02EA681E-C7D8-13C7-8484-4AC65E1B71E8}
		{962901DF-80B8-4B0A-8880-952FDFA6A15E} = {02EA681E-C7D8-13C7-8484-4AC65E1B71E8}
		{7431D4C4-A5EA-4309-A096-05040EB4E53A} = {02EA681E-C7D8-13C7-8484-4AC65E1B71E8}
		{F3B32705-7682-8FDA-BA16-21468080FB0B} = {02EA681E-C7D8-13C7-8484-4AC65E1B71E8}
		{FB068EF6-68F7-445C-9346-3A40C304DB28} = {02EA681E-C7D8-13C7-8484-4AC65E1B71E8}
		{7ED938CE-05F0-414B-9BEE-C37919A91DEB} = {02EA681E-C7D8-13C7-8484-4AC65E1B71E8}
		{C80714ED-DF97-4D51-5000-0C8BD5DD4FEB} = {02EA681E-C7D8-13C7-8484-4AC65E1B71E8}
		{8A666AA7-C0C6-483B-949B-8BB9234C627B} = {02EA681E-C7D8-13C7-8484-4AC65E1B71E8}
	EndGlobalSection
	GlobalSection(ExtensibilityGlobals) = postSolution
		SolutionGuid = {58BB599A-81E5-4196-B0FE-2BB4DEC6890C}
	EndGlobalSection
EndGlobal
